// !$*UTF8*$!
{
	archiveVersion = 1;
	classes = {
	};
	objectVersion = 56;
	objects = {

/* Begin PBXBuildFile section */
		7305367E28D8F2520084BC56 /* AppDelegate.swift in Sources */ = {isa = PBXBuildFile; fileRef = 7305367D28D8F2520084BC56 /* AppDelegate.swift */; };
		7305368028D8F2520084BC56 /* SceneDelegate.swift in Sources */ = {isa = PBXBuildFile; fileRef = 7305367F28D8F2520084BC56 /* SceneDelegate.swift */; };
		7305368228D8F2520084BC56 /* PostListViewController.swift in Sources */ = {isa = PBXBuildFile; fileRef = 7305368128D8F2520084BC56 /* PostListViewController.swift */; };
		7305368528D8F2520084BC56 /* Main.storyboard in Resources */ = {isa = PBXBuildFile; fileRef = 7305368328D8F2520084BC56 /* Main.storyboard */; };
		7305368728D8F2540084BC56 /* Assets.xcassets in Resources */ = {isa = PBXBuildFile; fileRef = 7305368628D8F2540084BC56 /* Assets.xcassets */; };
		7305368A28D8F2540084BC56 /* LaunchScreen.storyboard in Resources */ = {isa = PBXBuildFile; fileRef = 7305368828D8F2540084BC56 /* LaunchScreen.storyboard */; };
		7305369528D8F2540084BC56 /* ToDoAppTests.swift in Sources */ = {isa = PBXBuildFile; fileRef = 7305369428D8F2540084BC56 /* ToDoAppTests.swift */; };
		7305369F28D8F2540084BC56 /* ToDoAppUITests.swift in Sources */ = {isa = PBXBuildFile; fileRef = 7305369E28D8F2540084BC56 /* ToDoAppUITests.swift */; };
		730536A128D8F2540084BC56 /* ToDoAppUITestsLaunchTests.swift in Sources */ = {isa = PBXBuildFile; fileRef = 730536A028D8F2540084BC56 /* ToDoAppUITestsLaunchTests.swift */; };
		730536B128D903AF0084BC56 /* ToDoListViewController.swift in Sources */ = {isa = PBXBuildFile; fileRef = 730536B028D903AF0084BC56 /* ToDoListViewController.swift */; };
		730536B328D904FD0084BC56 /* ImageCollectionViewController.swift in Sources */ = {isa = PBXBuildFile; fileRef = 730536B228D904FD0084BC56 /* ImageCollectionViewController.swift */; };
		730536B528D90D9E0084BC56 /* PostListViewModel.swift in Sources */ = {isa = PBXBuildFile; fileRef = 730536B428D90D9E0084BC56 /* PostListViewModel.swift */; };
		7322EE4C28DA57B800397BFF /* AddNewTaskViewController.swift in Sources */ = {isa = PBXBuildFile; fileRef = 7322EE4B28DA57B800397BFF /* AddNewTaskViewController.swift */; };
		7322EE4E28DA586000397BFF /* AddNewTaskViewModel.swift in Sources */ = {isa = PBXBuildFile; fileRef = 7322EE4D28DA586000397BFF /* AddNewTaskViewModel.swift */; };
		7322EE5028DA588100397BFF /* ToDoListViewModel.swift in Sources */ = {isa = PBXBuildFile; fileRef = 7322EE4F28DA588100397BFF /* ToDoListViewModel.swift */; };
		7322EE5228DB1ED900397BFF /* PostListModel.swift in Sources */ = {isa = PBXBuildFile; fileRef = 7322EE5128DB1ED900397BFF /* PostListModel.swift */; };
		7322EE5428DB406800397BFF /* PostListEntity.swift in Sources */ = {isa = PBXBuildFile; fileRef = 7322EE5328DB406800397BFF /* PostListEntity.swift */; };
		735FC3F228DBE17E00111CF4 /* PostListTableViewCell.swift in Sources */ = {isa = PBXBuildFile; fileRef = 735FC3F028DBE17E00111CF4 /* PostListTableViewCell.swift */; };
		735FC3F328DBE17E00111CF4 /* PostListTableViewCell.xib in Resources */ = {isa = PBXBuildFile; fileRef = 735FC3F128DBE17E00111CF4 /* PostListTableViewCell.xib */; };
/* End PBXBuildFile section */

/* Begin PBXContainerItemProxy section */
		7305369128D8F2540084BC56 /* PBXContainerItemProxy */ = {
			isa = PBXContainerItemProxy;
			containerPortal = 7305367228D8F2520084BC56 /* Project object */;
			proxyType = 1;
			remoteGlobalIDString = 7305367928D8F2520084BC56;
			remoteInfo = ToDoApp;
		};
		7305369B28D8F2540084BC56 /* PBXContainerItemProxy */ = {
			isa = PBXContainerItemProxy;
			containerPortal = 7305367228D8F2520084BC56 /* Project object */;
			proxyType = 1;
			remoteGlobalIDString = 7305367928D8F2520084BC56;
			remoteInfo = ToDoApp;
		};
/* End PBXContainerItemProxy section */

/* Begin PBXFileReference section */
		7305367A28D8F2520084BC56 /* ToDoApp.app */ = {isa = PBXFileReference; explicitFileType = wrapper.application; includeInIndex = 0; path = ToDoApp.app; sourceTree = BUILT_PRODUCTS_DIR; };
		7305367D28D8F2520084BC56 /* AppDelegate.swift */ = {isa = PBXFileReference; lastKnownFileType = sourcecode.swift; path = AppDelegate.swift; sourceTree = "<group>"; };
		7305367F28D8F2520084BC56 /* SceneDelegate.swift */ = {isa = PBXFileReference; lastKnownFileType = sourcecode.swift; path = SceneDelegate.swift; sourceTree = "<group>"; };
		7305368128D8F2520084BC56 /* PostListViewController.swift */ = {isa = PBXFileReference; lastKnownFileType = sourcecode.swift; path = PostListViewController.swift; sourceTree = "<group>"; };
		7305368428D8F2520084BC56 /* Base */ = {isa = PBXFileReference; lastKnownFileType = file.storyboard; name = Base; path = Base.lproj/Main.storyboard; sourceTree = "<group>"; };
		7305368628D8F2540084BC56 /* Assets.xcassets */ = {isa = PBXFileReference; lastKnownFileType = folder.assetcatalog; path = Assets.xcassets; sourceTree = "<group>"; };
		7305368928D8F2540084BC56 /* Base */ = {isa = PBXFileReference; lastKnownFileType = file.storyboard; name = Base; path = Base.lproj/LaunchScreen.storyboard; sourceTree = "<group>"; };
		7305368B28D8F2540084BC56 /* Info.plist */ = {isa = PBXFileReference; lastKnownFileType = text.plist.xml; path = Info.plist; sourceTree = "<group>"; };
		7305369028D8F2540084BC56 /* ToDoAppTests.xctest */ = {isa = PBXFileReference; explicitFileType = wrapper.cfbundle; includeInIndex = 0; path = ToDoAppTests.xctest; sourceTree = BUILT_PRODUCTS_DIR; };
		7305369428D8F2540084BC56 /* ToDoAppTests.swift */ = {isa = PBXFileReference; lastKnownFileType = sourcecode.swift; path = ToDoAppTests.swift; sourceTree = "<group>"; };
		7305369A28D8F2540084BC56 /* ToDoAppUITests.xctest */ = {isa = PBXFileReference; explicitFileType = wrapper.cfbundle; includeInIndex = 0; path = ToDoAppUITests.xctest; sourceTree = BUILT_PRODUCTS_DIR; };
		7305369E28D8F2540084BC56 /* ToDoAppUITests.swift */ = {isa = PBXFileReference; lastKnownFileType = sourcecode.swift; path = ToDoAppUITests.swift; sourceTree = "<group>"; };
		730536A028D8F2540084BC56 /* ToDoAppUITestsLaunchTests.swift */ = {isa = PBXFileReference; lastKnownFileType = sourcecode.swift; path = ToDoAppUITestsLaunchTests.swift; sourceTree = "<group>"; };
		730536B028D903AF0084BC56 /* ToDoListViewController.swift */ = {isa = PBXFileReference; lastKnownFileType = sourcecode.swift; path = ToDoListViewController.swift; sourceTree = "<group>"; };
		730536B228D904FD0084BC56 /* ImageCollectionViewController.swift */ = {isa = PBXFileReference; lastKnownFileType = sourcecode.swift; path = ImageCollectionViewController.swift; sourceTree = "<group>"; };
		730536B428D90D9E0084BC56 /* PostListViewModel.swift */ = {isa = PBXFileReference; lastKnownFileType = sourcecode.swift; path = PostListViewModel.swift; sourceTree = "<group>"; };
		7322EE4B28DA57B800397BFF /* AddNewTaskViewController.swift */ = {isa = PBXFileReference; lastKnownFileType = sourcecode.swift; path = AddNewTaskViewController.swift; sourceTree = "<group>"; };
		7322EE4D28DA586000397BFF /* AddNewTaskViewModel.swift */ = {isa = PBXFileReference; lastKnownFileType = sourcecode.swift; path = AddNewTaskViewModel.swift; sourceTree = "<group>"; };
		7322EE4F28DA588100397BFF /* ToDoListViewModel.swift */ = {isa = PBXFileReference; lastKnownFileType = sourcecode.swift; path = ToDoListViewModel.swift; sourceTree = "<group>"; };
		7322EE5128DB1ED900397BFF /* PostListModel.swift */ = {isa = PBXFileReference; lastKnownFileType = sourcecode.swift; path = PostListModel.swift; sourceTree = "<group>"; };
		7322EE5328DB406800397BFF /* PostListEntity.swift */ = {isa = PBXFileReference; lastKnownFileType = sourcecode.swift; path = PostListEntity.swift; sourceTree = "<group>"; };
		735FC3F028DBE17E00111CF4 /* PostListTableViewCell.swift */ = {isa = PBXFileReference; lastKnownFileType = sourcecode.swift; path = PostListTableViewCell.swift; sourceTree = "<group>"; };
		735FC3F128DBE17E00111CF4 /* PostListTableViewCell.xib */ = {isa = PBXFileReference; lastKnownFileType = file.xib; path = PostListTableViewCell.xib; sourceTree = "<group>"; };
/* End PBXFileReference section */

/* Begin PBXFrameworksBuildPhase section */
		7305367728D8F2520084BC56 /* Frameworks */ = {
			isa = PBXFrameworksBuildPhase;
			buildActionMask = 2147483647;
			files = (
			);
			runOnlyForDeploymentPostprocessing = 0;
		};
		7305368D28D8F2540084BC56 /* Frameworks */ = {
			isa = PBXFrameworksBuildPhase;
			buildActionMask = 2147483647;
			files = (
			);
			runOnlyForDeploymentPostprocessing = 0;
		};
		7305369728D8F2540084BC56 /* Frameworks */ = {
			isa = PBXFrameworksBuildPhase;
			buildActionMask = 2147483647;
			files = (
			);
			runOnlyForDeploymentPostprocessing = 0;
		};
/* End PBXFrameworksBuildPhase section */

/* Begin PBXGroup section */
		7305367128D8F2520084BC56 = {
			isa = PBXGroup;
			children = (
				7305367C28D8F2520084BC56 /* ToDoApp */,
				7305369328D8F2540084BC56 /* ToDoAppTests */,
				7305369D28D8F2540084BC56 /* ToDoAppUITests */,
				7305367B28D8F2520084BC56 /* Products */,
			);
			sourceTree = "<group>";
		};
		7305367B28D8F2520084BC56 /* Products */ = {
			isa = PBXGroup;
			children = (
				7305367A28D8F2520084BC56 /* ToDoApp.app */,
				7305369028D8F2540084BC56 /* ToDoAppTests.xctest */,
				7305369A28D8F2540084BC56 /* ToDoAppUITests.xctest */,
			);
			name = Products;
			sourceTree = "<group>";
		};
		7305367C28D8F2520084BC56 /* ToDoApp */ = {
			isa = PBXGroup;
			children = (
				730536AF28D8F97B0084BC56 /* View */,
				730536AE28D8F95B0084BC56 /* ViewModel */,
				730536AD28D8F9520084BC56 /* Model */,
				7305367D28D8F2520084BC56 /* AppDelegate.swift */,
				7305367F28D8F2520084BC56 /* SceneDelegate.swift */,
				7305368328D8F2520084BC56 /* Main.storyboard */,
				7305368628D8F2540084BC56 /* Assets.xcassets */,
				7305368828D8F2540084BC56 /* LaunchScreen.storyboard */,
				7305368B28D8F2540084BC56 /* Info.plist */,
			);
			path = ToDoApp;
			sourceTree = "<group>";
		};
		7305369328D8F2540084BC56 /* ToDoAppTests */ = {
			isa = PBXGroup;
			children = (
				7305369428D8F2540084BC56 /* ToDoAppTests.swift */,
			);
			path = ToDoAppTests;
			sourceTree = "<group>";
		};
		7305369D28D8F2540084BC56 /* ToDoAppUITests */ = {
			isa = PBXGroup;
			children = (
				7305369E28D8F2540084BC56 /* ToDoAppUITests.swift */,
				730536A028D8F2540084BC56 /* ToDoAppUITestsLaunchTests.swift */,
			);
			path = ToDoAppUITests;
			sourceTree = "<group>";
		};
		730536AD28D8F9520084BC56 /* Model */ = {
			isa = PBXGroup;
			children = (
				7322EE5128DB1ED900397BFF /* PostListModel.swift */,
			);
			path = Model;
			sourceTree = "<group>";
		};
		730536AE28D8F95B0084BC56 /* ViewModel */ = {
			isa = PBXGroup;
			children = (
				730536B428D90D9E0084BC56 /* PostListViewModel.swift */,
				7322EE4D28DA586000397BFF /* AddNewTaskViewModel.swift */,
				7322EE4F28DA588100397BFF /* ToDoListViewModel.swift */,
			);
			path = ViewModel;
			sourceTree = "<group>";
		};
		730536AF28D8F97B0084BC56 /* View */ = {
			isa = PBXGroup;
			children = (
				7305368128D8F2520084BC56 /* PostListViewController.swift */,
				7322EE5328DB406800397BFF /* PostListEntity.swift */,
				735FC3F028DBE17E00111CF4 /* PostListTableViewCell.swift */,
				735FC3F128DBE17E00111CF4 /* PostListTableViewCell.xib */,
				730536B028D903AF0084BC56 /* ToDoListViewController.swift */,
				730536B228D904FD0084BC56 /* ImageCollectionViewController.swift */,
				7322EE4B28DA57B800397BFF /* AddNewTaskViewController.swift */,
			);
			path = View;
			sourceTree = "<group>";
		};
/* End PBXGroup section */

/* Begin PBXNativeTarget section */
		7305367928D8F2520084BC56 /* ToDoApp */ = {
			isa = PBXNativeTarget;
			buildConfigurationList = 730536A428D8F2540084BC56 /* Build configuration list for PBXNativeTarget "ToDoApp" */;
			buildPhases = (
				7305367628D8F2520084BC56 /* Sources */,
				7305367728D8F2520084BC56 /* Frameworks */,
				7305367828D8F2520084BC56 /* Resources */,
			);
			buildRules = (
			);
			dependencies = (
			);
			name = ToDoApp;
			productName = ToDoApp;
			productReference = 7305367A28D8F2520084BC56 /* ToDoApp.app */;
			productType = "com.apple.product-type.application";
		};
		7305368F28D8F2540084BC56 /* ToDoAppTests */ = {
			isa = PBXNativeTarget;
			buildConfigurationList = 730536A728D8F2540084BC56 /* Build configuration list for PBXNativeTarget "ToDoAppTests" */;
			buildPhases = (
				7305368C28D8F2540084BC56 /* Sources */,
				7305368D28D8F2540084BC56 /* Frameworks */,
				7305368E28D8F2540084BC56 /* Resources */,
			);
			buildRules = (
			);
			dependencies = (
				7305369228D8F2540084BC56 /* PBXTargetDependency */,
			);
			name = ToDoAppTests;
			productName = ToDoAppTests;
			productReference = 7305369028D8F2540084BC56 /* ToDoAppTests.xctest */;
			productType = "com.apple.product-type.bundle.unit-test";
		};
		7305369928D8F2540084BC56 /* ToDoAppUITests */ = {
			isa = PBXNativeTarget;
			buildConfigurationList = 730536AA28D8F2540084BC56 /* Build configuration list for PBXNativeTarget "ToDoAppUITests" */;
			buildPhases = (
				7305369628D8F2540084BC56 /* Sources */,
				7305369728D8F2540084BC56 /* Frameworks */,
				7305369828D8F2540084BC56 /* Resources */,
			);
			buildRules = (
			);
			dependencies = (
				7305369C28D8F2540084BC56 /* PBXTargetDependency */,
			);
			name = ToDoAppUITests;
			productName = ToDoAppUITests;
			productReference = 7305369A28D8F2540084BC56 /* ToDoAppUITests.xctest */;
			productType = "com.apple.product-type.bundle.ui-testing";
		};
/* End PBXNativeTarget section */

/* Begin PBXProject section */
		7305367228D8F2520084BC56 /* Project object */ = {
			isa = PBXProject;
			attributes = {
				BuildIndependentTargetsInParallel = 1;
				LastSwiftUpdateCheck = 1400;
				LastUpgradeCheck = 1400;
				TargetAttributes = {
					7305367928D8F2520084BC56 = {
						CreatedOnToolsVersion = 14.0;
					};
					7305368F28D8F2540084BC56 = {
						CreatedOnToolsVersion = 14.0;
						TestTargetID = 7305367928D8F2520084BC56;
					};
					7305369928D8F2540084BC56 = {
						CreatedOnToolsVersion = 14.0;
						TestTargetID = 7305367928D8F2520084BC56;
					};
				};
			};
			buildConfigurationList = 7305367528D8F2520084BC56 /* Build configuration list for PBXProject "ToDoApp" */;
			compatibilityVersion = "Xcode 14.0";
			developmentRegion = en;
			hasScannedForEncodings = 0;
			knownRegions = (
				en,
				Base,
			);
			mainGroup = 7305367128D8F2520084BC56;
			productRefGroup = 7305367B28D8F2520084BC56 /* Products */;
			projectDirPath = "";
			projectRoot = "";
			targets = (
				7305367928D8F2520084BC56 /* ToDoApp */,
				7305368F28D8F2540084BC56 /* ToDoAppTests */,
				7305369928D8F2540084BC56 /* ToDoAppUITests */,
			);
		};
/* End PBXProject section */

/* Begin PBXResourcesBuildPhase section */
		7305367828D8F2520084BC56 /* Resources */ = {
			isa = PBXResourcesBuildPhase;
			buildActionMask = 2147483647;
			files = (
				7305368A28D8F2540084BC56 /* LaunchScreen.storyboard in Resources */,
				735FC3F328DBE17E00111CF4 /* PostListTableViewCell.xib in Resources */,
				7305368728D8F2540084BC56 /* Assets.xcassets in Resources */,
				7305368528D8F2520084BC56 /* Main.storyboard in Resources */,
			);
			runOnlyForDeploymentPostprocessing = 0;
		};
		7305368E28D8F2540084BC56 /* Resources */ = {
			isa = PBXResourcesBuildPhase;
			buildActionMask = 2147483647;
			files = (
			);
			runOnlyForDeploymentPostprocessing = 0;
		};
		7305369828D8F2540084BC56 /* Resources */ = {
			isa = PBXResourcesBuildPhase;
			buildActionMask = 2147483647;
			files = (
			);
			runOnlyForDeploymentPostprocessing = 0;
		};
/* End PBXResourcesBuildPhase section */

/* Begin PBXSourcesBuildPhase section */
		7305367628D8F2520084BC56 /* Sources */ = {
			isa = PBXSourcesBuildPhase;
			buildActionMask = 2147483647;
			files = (
				735FC3F228DBE17E00111CF4 /* PostListTableViewCell.swift in Sources */,
				7322EE5028DA588100397BFF /* ToDoListViewModel.swift in Sources */,
				730536B328D904FD0084BC56 /* ImageCollectionViewController.swift in Sources */,
				730536B128D903AF0084BC56 /* ToDoListViewController.swift in Sources */,
				7305368228D8F2520084BC56 /* PostListViewController.swift in Sources */,
				730536B528D90D9E0084BC56 /* PostListViewModel.swift in Sources */,
				7322EE5428DB406800397BFF /* PostListEntity.swift in Sources */,
				7305367E28D8F2520084BC56 /* AppDelegate.swift in Sources */,
				7322EE4C28DA57B800397BFF /* AddNewTaskViewController.swift in Sources */,
				7322EE5228DB1ED900397BFF /* PostListModel.swift in Sources */,
				7322EE4E28DA586000397BFF /* AddNewTaskViewModel.swift in Sources */,
				7305368028D8F2520084BC56 /* SceneDelegate.swift in Sources */,
			);
			runOnlyForDeploymentPostprocessing = 0;
		};
		7305368C28D8F2540084BC56 /* Sources */ = {
			isa = PBXSourcesBuildPhase;
			buildActionMask = 2147483647;
			files = (
				7305369528D8F2540084BC56 /* ToDoAppTests.swift in Sources */,
			);
			runOnlyForDeploymentPostprocessing = 0;
		};
		7305369628D8F2540084BC56 /* Sources */ = {
			isa = PBXSourcesBuildPhase;
			buildActionMask = 2147483647;
			files = (
				730536A128D8F2540084BC56 /* ToDoAppUITestsLaunchTests.swift in Sources */,
				7305369F28D8F2540084BC56 /* ToDoAppUITests.swift in Sources */,
			);
			runOnlyForDeploymentPostprocessing = 0;
		};
/* End PBXSourcesBuildPhase section */

/* Begin PBXTargetDependency section */
		7305369228D8F2540084BC56 /* PBXTargetDependency */ = {
			isa = PBXTargetDependency;
			target = 7305367928D8F2520084BC56 /* ToDoApp */;
			targetProxy = 7305369128D8F2540084BC56 /* PBXContainerItemProxy */;
		};
		7305369C28D8F2540084BC56 /* PBXTargetDependency */ = {
			isa = PBXTargetDependency;
			target = 7305367928D8F2520084BC56 /* ToDoApp */;
			targetProxy = 7305369B28D8F2540084BC56 /* PBXContainerItemProxy */;
		};
/* End PBXTargetDependency section */

/* Begin PBXVariantGroup section */
		7305368328D8F2520084BC56 /* Main.storyboard */ = {
			isa = PBXVariantGroup;
			children = (
				7305368428D8F2520084BC56 /* Base */,
			);
			name = Main.storyboard;
			sourceTree = "<group>";
		};
		7305368828D8F2540084BC56 /* LaunchScreen.storyboard */ = {
			isa = PBXVariantGroup;
			children = (
				7305368928D8F2540084BC56 /* Base */,
			);
			name = LaunchScreen.storyboard;
			sourceTree = "<group>";
		};
/* End PBXVariantGroup section */

/* Begin XCBuildConfiguration section */
		730536A228D8F2540084BC56 /* Debug */ = {
			isa = XCBuildConfiguration;
			buildSettings = {
				ALWAYS_SEARCH_USER_PATHS = NO;
				CLANG_ANALYZER_NONNULL = YES;
				CLANG_ANALYZER_NUMBER_OBJECT_CONVERSION = YES_AGGRESSIVE;
				CLANG_CXX_LANGUAGE_STANDARD = "gnu++20";
				CLANG_ENABLE_MODULES = YES;
				CLANG_ENABLE_OBJC_ARC = YES;
				CLANG_ENABLE_OBJC_WEAK = YES;
				CLANG_WARN_BLOCK_CAPTURE_AUTORELEASING = YES;
				CLANG_WARN_BOOL_CONVERSION = YES;
				CLANG_WARN_COMMA = YES;
				CLANG_WARN_CONSTANT_CONVERSION = YES;
				CLANG_WARN_DEPRECATED_OBJC_IMPLEMENTATIONS = YES;
				CLANG_WARN_DIRECT_OBJC_ISA_USAGE = YES_ERROR;
				CLANG_WARN_DOCUMENTATION_COMMENTS = YES;
				CLANG_WARN_EMPTY_BODY = YES;
				CLANG_WARN_ENUM_CONVERSION = YES;
				CLANG_WARN_INFINITE_RECURSION = YES;
				CLANG_WARN_INT_CONVERSION = YES;
				CLANG_WARN_NON_LITERAL_NULL_CONVERSION = YES;
				CLANG_WARN_OBJC_IMPLICIT_RETAIN_SELF = YES;
				CLANG_WARN_OBJC_LITERAL_CONVERSION = YES;
				CLANG_WARN_OBJC_ROOT_CLASS = YES_ERROR;
				CLANG_WARN_QUOTED_INCLUDE_IN_FRAMEWORK_HEADER = YES;
				CLANG_WARN_RANGE_LOOP_ANALYSIS = YES;
				CLANG_WARN_STRICT_PROTOTYPES = YES;
				CLANG_WARN_SUSPICIOUS_MOVE = YES;
				CLANG_WARN_UNGUARDED_AVAILABILITY = YES_AGGRESSIVE;
				CLANG_WARN_UNREACHABLE_CODE = YES;
				CLANG_WARN__DUPLICATE_METHOD_MATCH = YES;
				COPY_PHASE_STRIP = NO;
				DEBUG_INFORMATION_FORMAT = dwarf;
				ENABLE_STRICT_OBJC_MSGSEND = YES;
				ENABLE_TESTABILITY = YES;
				GCC_C_LANGUAGE_STANDARD = gnu11;
				GCC_DYNAMIC_NO_PIC = NO;
				GCC_NO_COMMON_BLOCKS = YES;
				GCC_OPTIMIZATION_LEVEL = 0;
				GCC_PREPROCESSOR_DEFINITIONS = (
					"DEBUG=1",
					"$(inherited)",
				);
				GCC_WARN_64_TO_32_BIT_CONVERSION = YES;
				GCC_WARN_ABOUT_RETURN_TYPE = YES_ERROR;
				GCC_WARN_UNDECLARED_SELECTOR = YES;
				GCC_WARN_UNINITIALIZED_AUTOS = YES_AGGRESSIVE;
				GCC_WARN_UNUSED_FUNCTION = YES;
				GCC_WARN_UNUSED_VARIABLE = YES;
				IPHONEOS_DEPLOYMENT_TARGET = 16.0;
				MTL_ENABLE_DEBUG_INFO = INCLUDE_SOURCE;
				MTL_FAST_MATH = YES;
				ONLY_ACTIVE_ARCH = YES;
				SDKROOT = iphoneos;
				SWIFT_ACTIVE_COMPILATION_CONDITIONS = DEBUG;
				SWIFT_OPTIMIZATION_LEVEL = "-Onone";
			};
			name = Debug;
		};
		730536A328D8F2540084BC56 /* Release */ = {
			isa = XCBuildConfiguration;
			buildSettings = {
				ALWAYS_SEARCH_USER_PATHS = NO;
				CLANG_ANALYZER_NONNULL = YES;
				CLANG_ANALYZER_NUMBER_OBJECT_CONVERSION = YES_AGGRESSIVE;
				CLANG_CXX_LANGUAGE_STANDARD = "gnu++20";
				CLANG_ENABLE_MODULES = YES;
				CLANG_ENABLE_OBJC_ARC = YES;
				CLANG_ENABLE_OBJC_WEAK = YES;
				CLANG_WARN_BLOCK_CAPTURE_AUTORELEASING = YES;
				CLANG_WARN_BOOL_CONVERSION = YES;
				CLANG_WARN_COMMA = YES;
				CLANG_WARN_CONSTANT_CONVERSION = YES;
				CLANG_WARN_DEPRECATED_OBJC_IMPLEMENTATIONS = YES;
				CLANG_WARN_DIRECT_OBJC_ISA_USAGE = YES_ERROR;
				CLANG_WARN_DOCUMENTATION_COMMENTS = YES;
				CLANG_WARN_EMPTY_BODY = YES;
				CLANG_WARN_ENUM_CONVERSION = YES;
				CLANG_WARN_INFINITE_RECURSION = YES;
				CLANG_WARN_INT_CONVERSION = YES;
				CLANG_WARN_NON_LITERAL_NULL_CONVERSION = YES;
				CLANG_WARN_OBJC_IMPLICIT_RETAIN_SELF = YES;
				CLANG_WARN_OBJC_LITERAL_CONVERSION = YES;
				CLANG_WARN_OBJC_ROOT_CLASS = YES_ERROR;
				CLANG_WARN_QUOTED_INCLUDE_IN_FRAMEWORK_HEADER = YES;
				CLANG_WARN_RANGE_LOOP_ANALYSIS = YES;
				CLANG_WARN_STRICT_PROTOTYPES = YES;
				CLANG_WARN_SUSPICIOUS_MOVE = YES;
				CLANG_WARN_UNGUARDED_AVAILABILITY = YES_AGGRESSIVE;
				CLANG_WARN_UNREACHABLE_CODE = YES;
				CLANG_WARN__DUPLICATE_METHOD_MATCH = YES;
				COPY_PHASE_STRIP = NO;
				DEBUG_INFORMATION_FORMAT = "dwarf-with-dsym";
				ENABLE_NS_ASSERTIONS = NO;
				ENABLE_STRICT_OBJC_MSGSEND = YES;
				GCC_C_LANGUAGE_STANDARD = gnu11;
				GCC_NO_COMMON_BLOCKS = YES;
				GCC_WARN_64_TO_32_BIT_CONVERSION = YES;
				GCC_WARN_ABOUT_RETURN_TYPE = YES_ERROR;
				GCC_WARN_UNDECLARED_SELECTOR = YES;
				GCC_WARN_UNINITIALIZED_AUTOS = YES_AGGRESSIVE;
				GCC_WARN_UNUSED_FUNCTION = YES;
				GCC_WARN_UNUSED_VARIABLE = YES;
				IPHONEOS_DEPLOYMENT_TARGET = 16.0;
				MTL_ENABLE_DEBUG_INFO = NO;
				MTL_FAST_MATH = YES;
				SDKROOT = iphoneos;
				SWIFT_COMPILATION_MODE = wholemodule;
				SWIFT_OPTIMIZATION_LEVEL = "-O";
				VALIDATE_PRODUCT = YES;
			};
			name = Release;
		};
		730536A528D8F2540084BC56 /* Debug */ = {
			isa = XCBuildConfiguration;
			buildSettings = {
				ASSETCATALOG_COMPILER_APPICON_NAME = AppIcon;
				ASSETCATALOG_COMPILER_GLOBAL_ACCENT_COLOR_NAME = AccentColor;
				CODE_SIGN_STYLE = Automatic;
				CURRENT_PROJECT_VERSION = 1;
				DEVELOPMENT_TEAM = 3JHURF9865;
				GENERATE_INFOPLIST_FILE = YES;
				INFOPLIST_FILE = ToDoApp/Info.plist;
				INFOPLIST_KEY_UIApplicationSupportsIndirectInputEvents = YES;
				INFOPLIST_KEY_UILaunchStoryboardName = LaunchScreen;
				INFOPLIST_KEY_UIMainStoryboardFile = Main;
				INFOPLIST_KEY_UISupportedInterfaceOrientations_iPad = "UIInterfaceOrientationPortrait UIInterfaceOrientationPortraitUpsideDown UIInterfaceOrientationLandscapeLeft UIInterfaceOrientationLandscapeRight";
				INFOPLIST_KEY_UISupportedInterfaceOrientations_iPhone = "UIInterfaceOrientationPortrait UIInterfaceOrientationLandscapeLeft UIInterfaceOrientationLandscapeRight";
				IPHONEOS_DEPLOYMENT_TARGET = 13.0;
				LD_RUNPATH_SEARCH_PATHS = (
					"$(inherited)",
					"@executable_path/Frameworks",
				);
				MARKETING_VERSION = 1.0;
				PRODUCT_BUNDLE_IDENTIFIER = me.ToDoApp;
				PRODUCT_NAME = "$(TARGET_NAME)";
				SWIFT_EMIT_LOC_STRINGS = YES;
				SWIFT_VERSION = 5.0;
				TARGETED_DEVICE_FAMILY = "1,2";
			};
			name = Debug;
		};
		730536A628D8F2540084BC56 /* Release */ = {
			isa = XCBuildConfiguration;
			buildSettings = {
				ASSETCATALOG_COMPILER_APPICON_NAME = AppIcon;
				ASSETCATALOG_COMPILER_GLOBAL_ACCENT_COLOR_NAME = AccentColor;
				CODE_SIGN_STYLE = Automatic;
				CURRENT_PROJECT_VERSION = 1;
				DEVELOPMENT_TEAM = 3JHURF9865;
				GENERATE_INFOPLIST_FILE = YES;
				INFOPLIST_FILE = ToDoApp/Info.plist;
				INFOPLIST_KEY_UIApplicationSupportsIndirectInputEvents = YES;
				INFOPLIST_KEY_UILaunchStoryboardName = LaunchScreen;
				INFOPLIST_KEY_UIMainStoryboardFile = Main;
				INFOPLIST_KEY_UISupportedInterfaceOrientations_iPad = "UIInterfaceOrientationPortrait UIInterfaceOrientationPortraitUpsideDown UIInterfaceOrientationLandscapeLeft UIInterfaceOrientationLandscapeRight";
				INFOPLIST_KEY_UISupportedInterfaceOrientations_iPhone = "UIInterfaceOrientationPortrait UIInterfaceOrientationLandscapeLeft UIInterfaceOrientationLandscapeRight";
				IPHONEOS_DEPLOYMENT_TARGET = 13.0;
				LD_RUNPATH_SEARCH_PATHS = (
					"$(inherited)",
					"@executable_path/Frameworks",
				);
				MARKETING_VERSION = 1.0;
				PRODUCT_BUNDLE_IDENTIFIER = me.ToDoApp;
				PRODUCT_NAME = "$(TARGET_NAME)";
				SWIFT_EMIT_LOC_STRINGS = YES;
				SWIFT_VERSION = 5.0;
				TARGETED_DEVICE_FAMILY = "1,2";
			};
			name = Release;
		};
		730536A828D8F2540084BC56 /* Debug */ = {
			isa = XCBuildConfiguration;
			buildSettings = {
				ALWAYS_EMBED_SWIFT_STANDARD_LIBRARIES = YES;
				BUNDLE_LOADER = "$(TEST_HOST)";
				CODE_SIGN_STYLE = Automatic;
				CURRENT_PROJECT_VERSION = 1;
				DEVELOPMENT_TEAM = 3JHURF9865;
				GENERATE_INFOPLIST_FILE = YES;
				IPHONEOS_DEPLOYMENT_TARGET = 16.0;
				MARKETING_VERSION = 1.0;
				PRODUCT_BUNDLE_IDENTIFIER = me.ToDoAppTests;
				PRODUCT_NAME = "$(TARGET_NAME)";
				SWIFT_EMIT_LOC_STRINGS = NO;
				SWIFT_VERSION = 5.0;
				TARGETED_DEVICE_FAMILY = "1,2";
				TEST_HOST = "$(BUILT_PRODUCTS_DIR)/ToDoApp.app/$(BUNDLE_EXECUTABLE_FOLDER_PATH)/ToDoApp";
			};
			name = Debug;
		};
		730536A928D8F2540084BC56 /* Release */ = {
			isa = XCBuildConfiguration;
			buildSettings = {
				ALWAYS_EMBED_SWIFT_STANDARD_LIBRARIES = YES;
				BUNDLE_LOADER = "$(TEST_HOST)";
				CODE_SIGN_STYLE = Automatic;
				CURRENT_PROJECT_VERSION = 1;
				DEVELOPMENT_TEAM = 3JHURF9865;
				GENERATE_INFOPLIST_FILE = YES;
				IPHONEOS_DEPLOYMENT_TARGET = 16.0;
				MARKETING_VERSION = 1.0;
				PRODUCT_BUNDLE_IDENTIFIER = me.ToDoAppTests;
				PRODUCT_NAME = "$(TARGET_NAME)";
				SWIFT_EMIT_LOC_STRINGS = NO;
				SWIFT_VERSION = 5.0;
				TARGETED_DEVICE_FAMILY = "1,2";
				TEST_HOST = "$(BUILT_PRODUCTS_DIR)/ToDoApp.app/$(BUNDLE_EXECUTABLE_FOLDER_PATH)/ToDoApp";
			};
			name = Release;
		};
		730536AB28D8F2540084BC56 /* Debug */ = {
			isa = XCBuildConfiguration;
			buildSettings = {
				ALWAYS_EMBED_SWIFT_STANDARD_LIBRARIES = YES;
				CODE_SIGN_STYLE = Automatic;
				CURRENT_PROJECT_VERSION = 1;
				DEVELOPMENT_TEAM = 3JHURF9865;
				GENERATE_INFOPLIST_FILE = YES;
				MARKETING_VERSION = 1.0;
				PRODUCT_BUNDLE_IDENTIFIER = me.ToDoAppUITests;
				PRODUCT_NAME = "$(TARGET_NAME)";
				SWIFT_EMIT_LOC_STRINGS = NO;
				SWIFT_VERSION = 5.0;
				TARGETED_DEVICE_FAMILY = "1,2";
				TEST_TARGET_NAME = ToDoApp;
			};
			name = Debug;
		};
		730536AC28D8F2540084BC56 /* Release */ = {
			isa = XCBuildConfiguration;
			buildSettings = {
				ALWAYS_EMBED_SWIFT_STANDARD_LIBRARIES = YES;
				CODE_SIGN_STYLE = Automatic;
				CURRENT_PROJECT_VERSION = 1;
				DEVELOPMENT_TEAM = 3JHURF9865;
				GENERATE_INFOPLIST_FILE = YES;
				MARKETING_VERSION = 1.0;
				PRODUCT_BUNDLE_IDENTIFIER = me.ToDoAppUITests;
				PRODUCT_NAME = "$(TARGET_NAME)";
				SWIFT_EMIT_LOC_STRINGS = NO;
				SWIFT_VERSION = 5.0;
				TARGETED_DEVICE_FAMILY = "1,2";
				TEST_TARGET_NAME = ToDoApp;
			};
			name = Release;
		};
/* End XCBuildConfiguration section */

/* Begin XCConfigurationList section */
		7305367528D8F2520084BC56 /* Build configuration list for PBXProject "ToDoApp" */ = {
			isa = XCConfigurationList;
			buildConfigurations = (
				730536A228D8F2540084BC56 /* Debug */,
				730536A328D8F2540084BC56 /* Release */,
			);
			defaultConfigurationIsVisible = 0;
			defaultConfigurationName = Release;
		};
		730536A428D8F2540084BC56 /* Build configuration list for PBXNativeTarget "ToDoApp" */ = {
			isa = XCConfigurationList;
			buildConfigurations = (
				730536A528D8F2540084BC56 /* Debug */,
				730536A628D8F2540084BC56 /* Release */,
			);
			defaultConfigurationIsVisible = 0;
			defaultConfigurationName = Release;
		};
		730536A728D8F2540084BC56 /* Build configuration list for PBXNativeTarget "ToDoAppTests" */ = {
			isa = XCConfigurationList;
			buildConfigurations = (
				730536A828D8F2540084BC56 /* Debug */,
				730536A928D8F2540084BC56 /* Release */,
			);
			defaultConfigurationIsVisible = 0;
			defaultConfigurationName = Release;
		};
		730536AA28D8F2540084BC56 /* Build configuration list for PBXNativeTarget "ToDoAppUITests" */ = {
			isa = XCConfigurationList;
			buildConfigurations = (
				730536AB28D8F2540084BC56 /* Debug */,
				730536AC28D8F2540084BC56 /* Release */,
			);
			defaultConfigurationIsVisible = 0;
			defaultConfigurationName = Release;
		};
/* End XCConfigurationList section */
	};
	rootObject = 7305367228D8F2520084BC56 /* Project object */;
}
